PODS:
  - AMSMB2 (2.7.1)
  - MobileVLCKit (3.7.2)

DEPENDENCIES:
  - AMSMB2
  - MobileVLCKit (~> 3.6)

SPEC REPOS:
  trunk:
    - AMSMB2
    - MobileVLCKit

SPEC CHECKSUMS:
  AMSMB2: 4017852863a688970e8c4f38a4fae9826fbbec34
  MobileVLCKit: 216c67d556bed3c366ccbca21388304f25a37196

PODFILE CHECKSUM: cc6e9a38756570f15385477b5a5d625e015d831e

COCOAPODS: 1.16.2
